
Microsoft Visual Studio Solution File, Format Version 12.00
# Visual Studio 15
VisualStudioVersion = 15.0.28307.136
MinimumVisualStudioVersion = 10.0.40219.1
Project("{FAE04EC0-301F-11D3-BF4B-00C04F79EFBC}") = "PngToJpg", "PngToJpg\PngToJpg.csproj", "{04946C40-396B-4CF4-89DF-B1B9A0980DAA}"
EndProject
Global
	GlobalSection(SolutionConfigurationPlatforms) = preSolution
		Debug|Any CPU = Debug|Any CPU
		Release|Any CPU = Release|Any CPU
	EndGlobalSection
	GlobalSection(ProjectConfigurationPlatforms) = postSolution
		{04946C40-396B-4CF4-89DF-B1B9A0980DAA}.Debug|Any CPU.ActiveCfg = Debug|Any CPU
		{04946C40-396B-4CF4-89DF-B1B9A0980DAA}.Debug|Any CPU.Build.0 = Debug|Any CPU
		{04946C40-396B-4CF4-89DF-B1B9A0980DAA}.Release|Any CPU.ActiveCfg = Release|Any CPU
		{04946C40-396B-4CF4-89DF-B1B9A0980DAA}.Release|Any CPU.Build.0 = Release|Any CPU
	EndGlobalSection
	GlobalSection(SolutionProperties) = preSolution
		HideSolutionNode = FALSE
	EndGlobalSection
	GlobalSection(ExtensibilityGlobals) = postSolution
		SolutionGuid = {2B6FD192-F593-42E2-881C-0FC75562E09A}
	EndGlobalSection
EndGlobal
